
Microsoft Visual Studio Solution File, Format Version 12.00
# Visual Studio Version 16
VisualStudioVersion = 16.0.31515.178
MinimumVisualStudioVersion = 10.0.40219.1
Project("{FAE04EC0-301F-11D3-BF4B-00C04F79EFBC}") = "WebSiberian", "WebSiberian\WebSiberian.csproj", "{2F5C12A7-A839-434B-A119-B6DA701E9A23}"
EndProject
Project("{FAE04EC0-301F-11D3-BF4B-00C04F79EFBC}") = "AccesoDatos", "AccesoDatos\AccesoDatos.csproj", "{2671C22F-375D-4575-B51E-C33AF24B643B}"
EndProject
Global
	GlobalSection(SolutionConfigurationPlatforms) = preSolution
		Debug|Any CPU = Debug|Any CPU
		Release|Any CPU = Release|Any CPU
	EndGlobalSection
	GlobalSection(ProjectConfigurationPlatforms) = postSolution
		{2F5C12A7-A839-434B-A119-B6DA701E9A23}.Debug|Any CPU.ActiveCfg = Debug|Any CPU
		{2F5C12A7-A839-434B-A119-B6DA701E9A23}.Debug|Any CPU.Build.0 = Debug|Any CPU
		{2F5C12A7-A839-434B-A119-B6DA701E9A23}.Release|Any CPU.ActiveCfg = Release|Any CPU
		{2F5C12A7-A839-434B-A119-B6DA701E9A23}.Release|Any CPU.Build.0 = Release|Any CPU
		{2671C22F-375D-4575-B51E-C33AF24B643B}.Debug|Any CPU.ActiveCfg = Debug|Any CPU
		{2671C22F-375D-4575-B51E-C33AF24B643B}.Debug|Any CPU.Build.0 = Debug|Any CPU
		{2671C22F-375D-4575-B51E-C33AF24B643B}.Release|Any CPU.ActiveCfg = Release|Any CPU
		{2671C22F-375D-4575-B51E-C33AF24B643B}.Release|Any CPU.Build.0 = Release|Any CPU
	EndGlobalSection
	GlobalSection(SolutionProperties) = preSolution
		HideSolutionNode = FALSE
	EndGlobalSection
	GlobalSection(ExtensibilityGlobals) = postSolution
		SolutionGuid = {7D8158AE-AAFF-4385-952B-8430C47A9344}
	EndGlobalSection
EndGlobal
